// !$*UTF8*$!
{
	archiveVersion = 1;
	classes = {
	};
	objectVersion = 90;
	objects = {

/* Begin PBXBuildFile section */
		B355CE612E2C7A26005D1145 /* AsyncAlgorithms in Frameworks */ = {isa = PBXBuildFile; productRef = B355CE602E2C7A26005D1145 /* AsyncAlgorithms */; };
		B355CE632E2C7A3D005D1145 /* AsyncAlgorithms in Frameworks */ = {isa = PBXBuildFile; productRef = B355CE622E2C7A3D005D1145 /* AsyncAlgorithms */; };
		B355CE652E2C7A49005D1145 /* AsyncAlgorithms in Frameworks */ = {isa = PBXBuildFile; productRef = B355CE642E2C7A49005D1145 /* AsyncAlgorithms */; };
		B355CE682E2C7A8F005D1145 /* ArgumentParser in Frameworks */ = {isa = PBXBuildFile; productRef = B355CE672E2C7A8F005D1145 /* ArgumentParser */; };
		B355CE6A2E2C7A8F005D1145 /* generate-docc-reference in Frameworks */ = {isa = PBXBuildFile; productRef = B355CE692E2C7A8F005D1145 /* generate-docc-reference */; };
		B355CE6C2E2C7A8F005D1145 /* generate-manual in Frameworks */ = {isa = PBXBuildFile; productRef = B355CE6B2E2C7A8F005D1145 /* generate-manual */; };
		B355CE6E2E2C7AA5005D1145 /* ArgumentParser in Frameworks */ = {isa = PBXBuildFile; productRef = B355CE6D2E2C7AA5005D1145 /* ArgumentParser */; };
		B355CE702E2C7AA5005D1145 /* generate-docc-reference in Frameworks */ = {isa = PBXBuildFile; productRef = B355CE6F2E2C7AA5005D1145 /* generate-docc-reference */; };
		B355CE722E2C7AA5005D1145 /* generate-manual in Frameworks */ = {isa = PBXBuildFile; productRef = B355CE712E2C7AA5005D1145 /* generate-manual */; };
		B355CE742E2C7AC9005D1145 /* ArgumentParser in Frameworks */ = {isa = PBXBuildFile; productRef = B355CE732E2C7AC9005D1145 /* ArgumentParser */; };
		B355CE762E2C7AC9005D1145 /* generate-docc-reference in Frameworks */ = {isa = PBXBuildFile; productRef = B355CE752E2C7AC9005D1145 /* generate-docc-reference */; };
		B355CE782E2C7AC9005D1145 /* generate-manual in Frameworks */ = {isa = PBXBuildFile; productRef = B355CE772E2C7AC9005D1145 /* generate-manual */; };
		B381FF082E2C130E004624AC /* iOSSwifitUIReferences.md in Resources */ = {isa = PBXBuildFile; fileRef = B381FF072E2C1300004624AC /* iOSSwifitUIReferences.md */; };
		B3DC47F62E2C2E0200BCCA03 /* AppProjectBuildoutPlanVS1.md in Resources */ = {isa = PBXBuildFile; fileRef = B3DC47F52E2C2DF300BCCA03 /* AppProjectBuildoutPlanVS1.md */; };
		B3DC47F82E2C309800BCCA03 /* AppProjectBuildoutPlanVS2.md in Sources */ = {isa = PBXBuildFile; fileRef = B3DC47F72E2C308E00BCCA03 /* AppProjectBuildoutPlanVS2.md */; };
		B3DC47FA2E2C314900BCCA03 /* AppPojectBuildoutPlanPT2VS1.md in Resources */ = {isa = PBXBuildFile; fileRef = B3DC47F92E2C313B00BCCA03 /* AppPojectBuildoutPlanPT2VS1.md */; };
		B3DC47FC2E2C320600BCCA03 /* AppProjectBuildoutPlanPT3VS1.md in Sources */ = {isa = PBXBuildFile; fileRef = B3DC47FB2E2C31F900BCCA03 /* AppProjectBuildoutPlanPT3VS1.md */; };
		B3DC47FE2E2C384C00BCCA03 /* DocsAIAssistantIntegration.md in Resources */ = {isa = PBXBuildFile; fileRef = B3DC47FD2E2C382200BCCA03 /* DocsAIAssistantIntegration.md */; };
		B3DC48002E2C387800BCCA03 /* DocsAI_Error_Index.md in Resources */ = {isa = PBXBuildFile; fileRef = B3DC47FF2E2C386D00BCCA03 /* DocsAI_Error_Index.md */; };
		B3DC48022E2C393E00BCCA03 /* DiamondDeskAIPlugin.swift in Sources */ = {isa = PBXBuildFile; fileRef = B3DC48012E2C393300BCCA03 /* DiamondDeskAIPlugin.swift */; };
		B3DC48042E2C3A2900BCCA03 /* DiamondDeskAIAssistant.swift in Sources */ = {isa = PBXBuildFile; fileRef = B3DC48032E2C3A2900BCCA03 /* DiamondDeskAIAssistant.swift */; };
		B3DC48062E2C3C1800BCCA03 /* Seeder.swift in Sources */ = {isa = PBXBuildFile; fileRef = B3DC48052E2C3C1800BCCA03 /* Seeder.swift */; };
		B3DC48082E2C3C3800BCCA03 /* SeedStores.json in Resources */ = {isa = PBXBuildFile; fileRef = B3DC48072E2C3C3800BCCA03 /* SeedStores.json */; };
		B3DC480A2E2C3C4A00BCCA03 /* SeedStores 2.json in Resources */ = {isa = PBXBuildFile; fileRef = B3DC48092E2C3C4A00BCCA03 /* SeedStores 2.json */; };
		B3DC480C2E2C3CFA00BCCA03 /* TaskModel.swift in Sources */ = {isa = PBXBuildFile; fileRef = B3DC480B2E2C3CFA00BCCA03 /* TaskModel.swift */; };
		B3DC480E2E2C3CFB00BCCA03 /* TaskRepository.swift in Sources */ = {isa = PBXBuildFile; fileRef = B3DC480D2E2C3CFB00BCCA03 /* TaskRepository.swift */; };
		B3DC48102E2C3CFF00BCCA03 /* TaskViewModel.swift in Sources */ = {isa = PBXBuildFile; fileRef = B3DC480F2E2C3CFF00BCCA03 /* TaskViewModel.swift */; };
		B3DC48122E2C3D0600BCCA03 /* TaskListView.swift in Sources */ = {isa = PBXBuildFile; fileRef = B3DC48112E2C3D0600BCCA03 /* TaskListView.swift */; };
		B3DC48142E2C3D3A00BCCA03 /* TaskListView 2.swift in Sources */ = {isa = PBXBuildFile; fileRef = B3DC48132E2C3D3A00BCCA03 /* TaskListView 2.swift */; };
		B3DC48162E2C3D3B00BCCA03 /* UserProvisioningService.swift in Sources */ = {isa = PBXBuildFile; fileRef = B3DC48152E2C3D3B00BCCA03 /* UserProvisioningService.swift */; };
		B3DC48182E2C3F0D00BCCA03 /* TicketModel.swift in Sources */ = {isa = PBXBuildFile; fileRef = B3DC48172E2C3F0D00BCCA03 /* TicketModel.swift */; };
		B3DC481A2E2C3F0F00BCCA03 /* TicketRepository.swift in Sources */ = {isa = PBXBuildFile; fileRef = B3DC48192E2C3F0F00BCCA03 /* TicketRepository.swift */; };
		B3DC481C2E2C3F1400BCCA03 /* TicketViewModel.swift in Sources */ = {isa = PBXBuildFile; fileRef = B3DC481B2E2C3F1400BCCA03 /* TicketViewModel.swift */; };
		B3DC481E2E2C3F1A00BCCA03 /* TicketListView.swift in Sources */ = {isa = PBXBuildFile; fileRef = B3DC481D2E2C3F1A00BCCA03 /* TicketListView.swift */; };
		B3DC48202E2C3F5000BCCA03 /* ClientModel.swift in Sources */ = {isa = PBXBuildFile; fileRef = B3DC481F2E2C3F5000BCCA03 /* ClientModel.swift */; };
		B3DC48222E2C3F5200BCCA03 /* ClientRepository.swift in Sources */ = {isa = PBXBuildFile; fileRef = B3DC48212E2C3F5200BCCA03 /* ClientRepository.swift */; };
		B3DC48242E2C3F5600BCCA03 /* ClientViewModel.swift in Sources */ = {isa = PBXBuildFile; fileRef = B3DC48232E2C3F5600BCCA03 /* ClientViewModel.swift */; };
		B3DC48262E2C3F5D00BCCA03 /* ClientListView.swift in Sources */ = {isa = PBXBuildFile; fileRef = B3DC48252E2C3F5D00BCCA03 /* ClientListView.swift */; };
		B3DC48282E2C3F6400BCCA03 /* KPIModel.swift in Sources */ = {isa = PBXBuildFile; fileRef = B3DC48272E2C3F6400BCCA03 /* KPIModel.swift */; };
		B3DC482A2E2C3F6B00BCCA03 /* KPIRepository.swift in Sources */ = {isa = PBXBuildFile; fileRef = B3DC48292E2C3F6B00BCCA03 /* KPIRepository.swift */; };
		B3DC482C2E2C3F7000BCCA03 /* KPIViewModel.swift in Sources */ = {isa = PBXBuildFile; fileRef = B3DC482B2E2C3F7000BCCA03 /* KPIViewModel.swift */; };
		B3DC482E2E2C3F7D00BCCA03 /* KPIListView.swift in Sources */ = {isa = PBXBuildFile; fileRef = B3DC482D2E2C3F7D00BCCA03 /* KPIListView.swift */; };
		B3DC48302E2C405A00BCCA03 /* ClientListView 2.swift in Sources */ = {isa = PBXBuildFile; fileRef = B3DC482F2E2C405A00BCCA03 /* ClientListView 2.swift */; };
		B3DC48322E2C407C00BCCA03 /* KPIListView 2.swift in Sources */ = {isa = PBXBuildFile; fileRef = B3DC48312E2C407C00BCCA03 /* KPIListView 2.swift */; };
		B3DC48342E2C40B900BCCA03 /* TaskListView 3.swift in Sources */ = {isa = PBXBuildFile; fileRef = B3DC48332E2C40B900BCCA03 /* TaskListView 3.swift */; };
		B3DC48362E2C40BC00BCCA03 /* TicketListView 2.swift in Sources */ = {isa = PBXBuildFile; fileRef = B3DC48352E2C40BC00BCCA03 /* TicketListView 2.swift */; };
		B3DC48382E2C40C100BCCA03 /* RepositoryFetchTests.swift in Sources */ = {isa = PBXBuildFile; fileRef = B3DC48372E2C40C100BCCA03 /* RepositoryFetchTests.swift */; };
		B3DC483A2E2C40FC00BCCA03 /* TaskListView 4.swift in Sources */ = {isa = PBXBuildFile; fileRef = B3DC48392E2C40FC00BCCA03 /* TaskListView 4.swift */; };
		B3DC483C2E2C411A00BCCA03 /* RepositoryFetchTests 2.swift in Sources */ = {isa = PBXBuildFile; fileRef = B3DC483B2E2C411A00BCCA03 /* RepositoryFetchTests 2.swift */; };
		B3DC483E2E2C411C00BCCA03 /* TicketListView 3.swift in Sources */ = {isa = PBXBuildFile; fileRef = B3DC483D2E2C411C00BCCA03 /* TicketListView 3.swift */; };
		B3DC48402E2C41E000BCCA03 /* TaskListView 5.swift in Sources */ = {isa = PBXBuildFile; fileRef = B3DC483F2E2C41E000BCCA03 /* TaskListView 5.swift */; };
		B3DC48422E2C420100BCCA03 /* TicketListView 4.swift in Sources */ = {isa = PBXBuildFile; fileRef = B3DC48412E2C420100BCCA03 /* TicketListView 4.swift */; };
		B3DC48442E2C422A00BCCA03 /* ClientListView 3.swift in Sources */ = {isa = PBXBuildFile; fileRef = B3DC48432E2C422A00BCCA03 /* ClientListView 3.swift */; };
		B3DC48462E2C423000BCCA03 /* KPIListView 3.swift in Sources */ = {isa = PBXBuildFile; fileRef = B3DC48452E2C423000BCCA03 /* KPIListView 3.swift */; };
		B3DC48482E2C429600BCCA03 /* TaskListView 6.swift in Sources */ = {isa = PBXBuildFile; fileRef = B3DC48472E2C429600BCCA03 /* TaskListView 6.swift */; };
		B3DC484A2E2C429800BCCA03 /* TicketListView 5.swift in Sources */ = {isa = PBXBuildFile; fileRef = B3DC48492E2C429800BCCA03 /* TicketListView 5.swift */; };
		B3DC484C2E2C435200BCCA03 /* NotificationService.swift in Sources */ = {isa = PBXBuildFile; fileRef = B3DC484B2E2C435200BCCA03 /* NotificationService.swift */; };
		B3DC484E2E2C439600BCCA03 /* OnboardingView.swift in Sources */ = {isa = PBXBuildFile; fileRef = B3DC484D2E2C439600BCCA03 /* OnboardingView.swift */; };
		B3DC48502E2C43BB00BCCA03 /* StoreReportModel.swift in Sources */ = {isa = PBXBuildFile; fileRef = B3DC484F2E2C43BB00BCCA03 /* StoreReportModel.swift */; };
		B3DC48522E2C43ED00BCCA03 /* StoreReportRepository.swift in Sources */ = {isa = PBXBuildFile; fileRef = B3DC48512E2C43ED00BCCA03 /* StoreReportRepository.swift */; };
		B3DC48542E2C43F100BCCA03 /* StoreReportViewModel.swift in Sources */ = {isa = PBXBuildFile; fileRef = B3DC48532E2C43F100BCCA03 /* StoreReportViewModel.swift */; };
		B3DC48562E2C43F800BCCA03 /* StoreReportListView.swift in Sources */ = {isa = PBXBuildFile; fileRef = B3DC48552E2C43F800BCCA03 /* StoreReportListView.swift */; };
		B3DC48582E2C45AD00BCCA03 /* AnalyticsService.swift in Sources */ = {isa = PBXBuildFile; fileRef = B3DC48572E2C45AD00BCCA03 /* AnalyticsService.swift */; };
		B3DC485A2E2C45B800BCCA03 /* DashboardView.swift in Sources */ = {isa = PBXBuildFile; fileRef = B3DC48592E2C45B800BCCA03 /* DashboardView.swift */; };
/* End PBXBuildFile section */

/* Begin PBXContainerItemProxy section */
		B3417E7F2E2B1CCC0018A3C7 /* PBXContainerItemProxy */ = {
			isa = PBXContainerItemProxy;
			containerPortal = B3417E622E2B1CC90018A3C7 /* Project object */;
			proxyType = 1;
			remoteGlobalIDString = B3417E692E2B1CC90018A3C7;
			remoteInfo = DiamondDeskERP;
		};
		B3417E892E2B1CCC0018A3C7 /* PBXContainerItemProxy */ = {
			isa = PBXContainerItemProxy;
			containerPortal = B3417E622E2B1CC90018A3C7 /* Project object */;
			proxyType = 1;
			remoteGlobalIDString = B3417E692E2B1CC90018A3C7;
			remoteInfo = DiamondDeskERP;
		};
/* End PBXContainerItemProxy section */

/* Begin PBXFileReference section */
		B3417E6A2E2B1CC90018A3C7 /* DiamondDeskERP.app */ = {isa = PBXFileReference; explicitFileType = wrapper.application; includeInIndex = 0; path = DiamondDeskERP.app; sourceTree = BUILT_PRODUCTS_DIR; };
		B3417E7E2E2B1CCC0018A3C7 /* DiamondDeskERPTests.xctest */ = {isa = PBXFileReference; explicitFileType = wrapper.cfbundle; includeInIndex = 0; path = DiamondDeskERPTests.xctest; sourceTree = BUILT_PRODUCTS_DIR; };
		B3417E882E2B1CCC0018A3C7 /* DiamondDeskERPUITests.xctest */ = {isa = PBXFileReference; explicitFileType = wrapper.cfbundle; includeInIndex = 0; path = DiamondDeskERPUITests.xctest; sourceTree = BUILT_PRODUCTS_DIR; };
		B381FF072E2C1300004624AC /* iOSSwifitUIReferences.md */ = {isa = PBXFileReference; lastKnownFileType = net.daringfireball.markdown; path = iOSSwifitUIReferences.md; sourceTree = "<group>"; };
		B3DC47F52E2C2DF300BCCA03 /* AppProjectBuildoutPlanVS1.md */ = {isa = PBXFileReference; lastKnownFileType = net.daringfireball.markdown; path = AppProjectBuildoutPlanVS1.md; sourceTree = "<group>"; };
		B3DC47F72E2C308E00BCCA03 /* AppProjectBuildoutPlanVS2.md */ = {isa = PBXFileReference; lastKnownFileType = net.daringfireball.markdown; path = AppProjectBuildoutPlanVS2.md; sourceTree = "<group>"; };
		B3DC47F92E2C313B00BCCA03 /* AppPojectBuildoutPlanPT2VS1.md */ = {isa = PBXFileReference; lastKnownFileType = net.daringfireball.markdown; path = AppPojectBuildoutPlanPT2VS1.md; sourceTree = "<group>"; };
		B3DC47FB2E2C31F900BCCA03 /* AppProjectBuildoutPlanPT3VS1.md */ = {isa = PBXFileReference; lastKnownFileType = net.daringfireball.markdown; path = AppProjectBuildoutPlanPT3VS1.md; sourceTree = "<group>"; };
		B3DC47FD2E2C382200BCCA03 /* DocsAIAssistantIntegration.md */ = {isa = PBXFileReference; lastKnownFileType = net.daringfireball.markdown; path = DocsAIAssistantIntegration.md; sourceTree = "<group>"; };
		B3DC47FF2E2C386D00BCCA03 /* DocsAI_Error_Index.md */ = {isa = PBXFileReference; lastKnownFileType = net.daringfireball.markdown; path = DocsAI_Error_Index.md; sourceTree = "<group>"; };
		B3DC48012E2C393300BCCA03 /* DiamondDeskAIPlugin.swift */ = {isa = PBXFileReference; lastKnownFileType = sourcecode.swift; path = DiamondDeskAIPlugin.swift; sourceTree = "<group>"; };
		B3DC48032E2C3A2900BCCA03 /* DiamondDeskAIAssistant.swift */ = {isa = PBXFileReference; lastKnownFileType = sourcecode.swift; path = DiamondDeskAIAssistant.swift; sourceTree = "<group>"; };
		B3DC48052E2C3C1800BCCA03 /* Seeder.swift */ = {isa = PBXFileReference; lastKnownFileType = sourcecode.swift; path = Seeder.swift; sourceTree = "<group>"; };
		B3DC48072E2C3C3800BCCA03 /* SeedStores.json */ = {isa = PBXFileReference; lastKnownFileType = text.json; path = SeedStores.json; sourceTree = "<group>"; };
		B3DC48092E2C3C4A00BCCA03 /* SeedStores 2.json */ = {isa = PBXFileReference; lastKnownFileType = text.json; path = "SeedStores 2.json"; sourceTree = "<group>"; };
		B3DC480B2E2C3CFA00BCCA03 /* TaskModel.swift */ = {isa = PBXFileReference; lastKnownFileType = sourcecode.swift; path = TaskModel.swift; sourceTree = "<group>"; };
		B3DC480D2E2C3CFB00BCCA03 /* TaskRepository.swift */ = {isa = PBXFileReference; lastKnownFileType = sourcecode.swift; path = TaskRepository.swift; sourceTree = "<group>"; };
		B3DC480F2E2C3CFF00BCCA03 /* TaskViewModel.swift */ = {isa = PBXFileReference; lastKnownFileType = sourcecode.swift; path = TaskViewModel.swift; sourceTree = "<group>"; };
		B3DC48112E2C3D0600BCCA03 /* TaskListView.swift */ = {isa = PBXFileReference; lastKnownFileType = sourcecode.swift; path = TaskListView.swift; sourceTree = "<group>"; };
		B3DC48132E2C3D3A00BCCA03 /* TaskListView 2.swift */ = {isa = PBXFileReference; lastKnownFileType = sourcecode.swift; path = "TaskListView 2.swift"; sourceTree = "<group>"; };
		B3DC48152E2C3D3B00BCCA03 /* UserProvisioningService.swift */ = {isa = PBXFileReference; lastKnownFileType = sourcecode.swift; path = UserProvisioningService.swift; sourceTree = "<group>"; };
		B3DC48172E2C3F0D00BCCA03 /* TicketModel.swift */ = {isa = PBXFileReference; lastKnownFileType = sourcecode.swift; path = TicketModel.swift; sourceTree = "<group>"; };
		B3DC48192E2C3F0F00BCCA03 /* TicketRepository.swift */ = {isa = PBXFileReference; lastKnownFileType = sourcecode.swift; path = TicketRepository.swift; sourceTree = "<group>"; };
		B3DC481B2E2C3F1400BCCA03 /* TicketViewModel.swift */ = {isa = PBXFileReference; lastKnownFileType = sourcecode.swift; path = TicketViewModel.swift; sourceTree = "<group>"; };
		B3DC481D2E2C3F1A00BCCA03 /* TicketListView.swift */ = {isa = PBXFileReference; lastKnownFileType = sourcecode.swift; path = TicketListView.swift; sourceTree = "<group>"; };
		B3DC481F2E2C3F5000BCCA03 /* ClientModel.swift */ = {isa = PBXFileReference; lastKnownFileType = sourcecode.swift; path = ClientModel.swift; sourceTree = "<group>"; };
		B3DC48212E2C3F5200BCCA03 /* ClientRepository.swift */ = {isa = PBXFileReference; lastKnownFileType = sourcecode.swift; path = ClientRepository.swift; sourceTree = "<group>"; };
		B3DC48232E2C3F5600BCCA03 /* ClientViewModel.swift */ = {isa = PBXFileReference; lastKnownFileType = sourcecode.swift; path = ClientViewModel.swift; sourceTree = "<group>"; };
		B3DC48252E2C3F5D00BCCA03 /* ClientListView.swift */ = {isa = PBXFileReference; lastKnownFileType = sourcecode.swift; path = ClientListView.swift; sourceTree = "<group>"; };
		B3DC48272E2C3F6400BCCA03 /* KPIModel.swift */ = {isa = PBXFileReference; lastKnownFileType = sourcecode.swift; path = KPIModel.swift; sourceTree = "<group>"; };
		B3DC48292E2C3F6B00BCCA03 /* KPIRepository.swift */ = {isa = PBXFileReference; lastKnownFileType = sourcecode.swift; path = KPIRepository.swift; sourceTree = "<group>"; };
		B3DC482B2E2C3F7000BCCA03 /* KPIViewModel.swift */ = {isa = PBXFileReference; lastKnownFileType = sourcecode.swift; path = KPIViewModel.swift; sourceTree = "<group>"; };
		B3DC482D2E2C3F7D00BCCA03 /* KPIListView.swift */ = {isa = PBXFileReference; lastKnownFileType = sourcecode.swift; path = KPIListView.swift; sourceTree = "<group>"; };
		B3DC482F2E2C405A00BCCA03 /* ClientListView 2.swift */ = {isa = PBXFileReference; lastKnownFileType = sourcecode.swift; path = "ClientListView 2.swift"; sourceTree = "<group>"; };
		B3DC48312E2C407C00BCCA03 /* KPIListView 2.swift */ = {isa = PBXFileReference; lastKnownFileType = sourcecode.swift; path = "KPIListView 2.swift"; sourceTree = "<group>"; };
		B3DC48332E2C40B900BCCA03 /* TaskListView 3.swift */ = {isa = PBXFileReference; lastKnownFileType = sourcecode.swift; path = "TaskListView 3.swift"; sourceTree = "<group>"; };
		B3DC48352E2C40BC00BCCA03 /* TicketListView 2.swift */ = {isa = PBXFileReference; lastKnownFileType = sourcecode.swift; path = "TicketListView 2.swift"; sourceTree = "<group>"; };
		B3DC48372E2C40C100BCCA03 /* RepositoryFetchTests.swift */ = {isa = PBXFileReference; lastKnownFileType = sourcecode.swift; path = RepositoryFetchTests.swift; sourceTree = "<group>"; };
		B3DC48392E2C40FC00BCCA03 /* TaskListView 4.swift */ = {isa = PBXFileReference; lastKnownFileType = sourcecode.swift; path = "TaskListView 4.swift"; sourceTree = "<group>"; };
		B3DC483B2E2C411A00BCCA03 /* RepositoryFetchTests 2.swift */ = {isa = PBXFileReference; lastKnownFileType = sourcecode.swift; path = "RepositoryFetchTests 2.swift"; sourceTree = "<group>"; };
		B3DC483D2E2C411C00BCCA03 /* TicketListView 3.swift */ = {isa = PBXFileReference; lastKnownFileType = sourcecode.swift; path = "TicketListView 3.swift"; sourceTree = "<group>"; };
		B3DC483F2E2C41E000BCCA03 /* TaskListView 5.swift */ = {isa = PBXFileReference; lastKnownFileType = sourcecode.swift; path = "TaskListView 5.swift"; sourceTree = "<group>"; };
		B3DC48412E2C420100BCCA03 /* TicketListView 4.swift */ = {isa = PBXFileReference; lastKnownFileType = sourcecode.swift; path = "TicketListView 4.swift"; sourceTree = "<group>"; };
		B3DC48432E2C422A00BCCA03 /* ClientListView 3.swift */ = {isa = PBXFileReference; lastKnownFileType = sourcecode.swift; path = "ClientListView 3.swift"; sourceTree = "<group>"; };
		B3DC48452E2C423000BCCA03 /* KPIListView 3.swift */ = {isa = PBXFileReference; lastKnownFileType = sourcecode.swift; path = "KPIListView 3.swift"; sourceTree = "<group>"; };
		B3DC48472E2C429600BCCA03 /* TaskListView 6.swift */ = {isa = PBXFileReference; lastKnownFileType = sourcecode.swift; path = "TaskListView 6.swift"; sourceTree = "<group>"; };
		B3DC48492E2C429800BCCA03 /* TicketListView 5.swift */ = {isa = PBXFileReference; lastKnownFileType = sourcecode.swift; path = "TicketListView 5.swift"; sourceTree = "<group>"; };
		B3DC484B2E2C435200BCCA03 /* NotificationService.swift */ = {isa = PBXFileReference; lastKnownFileType = sourcecode.swift; path = NotificationService.swift; sourceTree = "<group>"; };
		B3DC484D2E2C439600BCCA03 /* OnboardingView.swift */ = {isa = PBXFileReference; lastKnownFileType = sourcecode.swift; path = OnboardingView.swift; sourceTree = "<group>"; };
		B3DC484F2E2C43BB00BCCA03 /* StoreReportModel.swift */ = {isa = PBXFileReference; lastKnownFileType = sourcecode.swift; path = StoreReportModel.swift; sourceTree = "<group>"; };
		B3DC48512E2C43ED00BCCA03 /* StoreReportRepository.swift */ = {isa = PBXFileReference; lastKnownFileType = sourcecode.swift; path = StoreReportRepository.swift; sourceTree = "<group>"; };
		B3DC48532E2C43F100BCCA03 /* StoreReportViewModel.swift */ = {isa = PBXFileReference; lastKnownFileType = sourcecode.swift; path = StoreReportViewModel.swift; sourceTree = "<group>"; };
		B3DC48552E2C43F800BCCA03 /* StoreReportListView.swift */ = {isa = PBXFileReference; lastKnownFileType = sourcecode.swift; path = StoreReportListView.swift; sourceTree = "<group>"; };
		B3DC48572E2C45AD00BCCA03 /* AnalyticsService.swift */ = {isa = PBXFileReference; lastKnownFileType = sourcecode.swift; path = AnalyticsService.swift; sourceTree = "<group>"; };
		B3DC48592E2C45B800BCCA03 /* DashboardView.swift */ = {isa = PBXFileReference; lastKnownFileType = sourcecode.swift; path = DashboardView.swift; sourceTree = "<group>"; };
/* End PBXFileReference section */

/* Begin PBXFileSystemSynchronizedBuildFileExceptionSet section */
		B3417E902E2B1CCC0018A3C7 /* Exceptions for "DiamondDeskERP" folder in "DiamondDeskERP" target */ = {
			isa = PBXFileSystemSynchronizedBuildFileExceptionSet;
			membershipExceptions = (
				Info.plist,
			);
			target = B3417E692E2B1CC90018A3C7 /* DiamondDeskERP */;
		};
		B3C1DCEE2E2C0CB200EC7FA8 /* Exceptions for "DiamondDeskERP" folder in "DiamondDeskERPTests" target */ = {
			isa = PBXFileSystemSynchronizedBuildFileExceptionSet;
			membershipExceptions = (
				aps.cer,
			);
			target = B3417E7D2E2B1CCC0018A3C7 /* DiamondDeskERPTests */;
		};
		B3C1DCEF2E2C0CB200EC7FA8 /* Exceptions for "DiamondDeskERP" folder in "DiamondDeskERPUITests" target */ = {
			isa = PBXFileSystemSynchronizedBuildFileExceptionSet;
			membershipExceptions = (
				aps.cer,
			);
			target = B3417E872E2B1CCC0018A3C7 /* DiamondDeskERPUITests */;
		};
/* End PBXFileSystemSynchronizedBuildFileExceptionSet section */

/* Begin PBXFileSystemSynchronizedRootGroup section */
		B3417E6C2E2B1CC90018A3C7 /* DiamondDeskERP */ = {
			isa = PBXFileSystemSynchronizedRootGroup;
			exceptions = (
				B3417E902E2B1CCC0018A3C7 /* Exceptions for "DiamondDeskERP" folder in "DiamondDeskERP" target */,
				B3C1DCEE2E2C0CB200EC7FA8 /* Exceptions for "DiamondDeskERP" folder in "DiamondDeskERPTests" target */,
				B3C1DCEF2E2C0CB200EC7FA8 /* Exceptions for "DiamondDeskERP" folder in "DiamondDeskERPUITests" target */,
			);
			path = DiamondDeskERP;
			sourceTree = "<group>";
		};
		B3417E812E2B1CCC0018A3C7 /* DiamondDeskERPTests */ = {
			isa = PBXFileSystemSynchronizedRootGroup;
			path = DiamondDeskERPTests;
			sourceTree = "<group>";
		};
	   B3417E8B2E2B1CCC0018A3C7 /* DiamondDeskERPUITests */ = {
		   isa = PBXFileSystemSynchronizedRootGroup;
		   path = DiamondDeskERPUITests;
		   sourceTree = "<group>";
	   };
	   B3F4A1002E2C5FFF00BCCA03 /* Sources */ = {
		   isa = PBXFileSystemSynchronizedRootGroup;
		   path = Sources;
		   sourceTree = "<group>";
	   };
	   B3F4A1004E2C5FFF00BCCA03 /* Services */ = {
		   isa = PBXFileSystemSynchronizedRootGroup;
		   path = Services;
		   sourceTree = "<group>";
	   };
	   B3F4A2002E2C5FFF00BCCA03 /* Project Root */ = {
		   isa = PBXFileSystemSynchronizedRootGroup;
		   path = ".";
		   sourceTree = "<group>";
	   };
/* End PBXFileSystemSynchronizedRootGroup section */

/* Begin PBXFrameworksBuildPhase section */
		B3417E672E2B1CC90018A3C7 /* Frameworks */ = {
			isa = PBXFrameworksBuildPhase;
			files = (
				B355CE682E2C7A8F005D1145 /* ArgumentParser in Frameworks */,
				B355CE6C2E2C7A8F005D1145 /* generate-manual in Frameworks */,
				B355CE612E2C7A26005D1145 /* AsyncAlgorithms in Frameworks */,
				B355CE6A2E2C7A8F005D1145 /* generate-docc-reference in Frameworks */,
			);
		};
		B3417E7B2E2B1CCC0018A3C7 /* Frameworks */ = {
			isa = PBXFrameworksBuildPhase;
			files = (
				B355CE6E2E2C7AA5005D1145 /* ArgumentParser in Frameworks */,
				B355CE722E2C7AA5005D1145 /* generate-manual in Frameworks */,
				B355CE632E2C7A3D005D1145 /* AsyncAlgorithms in Frameworks */,
				B355CE702E2C7AA5005D1145 /* generate-docc-reference in Frameworks */,
			);
		};
		B3417E852E2B1CCC0018A3C7 /* Frameworks */ = {
			isa = PBXFrameworksBuildPhase;
			files = (
				B355CE742E2C7AC9005D1145 /* ArgumentParser in Frameworks */,
				B355CE782E2C7AC9005D1145 /* generate-manual in Frameworks */,
				B355CE652E2C7A49005D1145 /* AsyncAlgorithms in Frameworks */,
				B355CE762E2C7AC9005D1145 /* generate-docc-reference in Frameworks */,
			);
		};
/* End PBXFrameworksBuildPhase section */

/* Begin PBXGroup section */
		B3417E612E2B1CC90018A3C7 = {
			isa = PBXGroup;
			children = (
				B3DC48012E2C393300BCCA03 /* DiamondDeskAIPlugin.swift */,
				B3DC47FF2E2C386D00BCCA03 /* DocsAI_Error_Index.md */,
				B3DC47FD2E2C382200BCCA03 /* DocsAIAssistantIntegration.md */,
				B3DC47FB2E2C31F900BCCA03 /* AppProjectBuildoutPlanPT3VS1.md */,
				B3DC47F92E2C313B00BCCA03 /* AppPojectBuildoutPlanPT2VS1.md */,
				B3DC47F72E2C308E00BCCA03 /* AppProjectBuildoutPlanVS2.md */,
				B3DC47F52E2C2DF300BCCA03 /* AppProjectBuildoutPlanVS1.md */,
				B381FF072E2C1300004624AC /* iOSSwifitUIReferences.md */,
				B3417E6C2E2B1CC90018A3C7 /* DiamondDeskERP */,
				B3417E812E2B1CCC0018A3C7 /* DiamondDeskERPTests */,
				B3417E8B2E2B1CCC0018A3C7 /* DiamondDeskERPUITests */,
				B3417E6B2E2B1CC90018A3C7 /* Products */,
				B3DC48032E2C3A2900BCCA03 /* DiamondDeskAIAssistant.swift */,
				B3DC48052E2C3C1800BCCA03 /* Seeder.swift */,
				B3DC48072E2C3C3800BCCA03 /* SeedStores.json */,
				B3DC48092E2C3C4A00BCCA03 /* SeedStores 2.json */,
				B3DC480B2E2C3CFA00BCCA03 /* TaskModel.swift */,
				B3DC480D2E2C3CFB00BCCA03 /* TaskRepository.swift */,
				B3DC480F2E2C3CFF00BCCA03 /* TaskViewModel.swift */,
				B3DC48112E2C3D0600BCCA03 /* TaskListView.swift */,
				B3DC48132E2C3D3A00BCCA03 /* TaskListView 2.swift */,
				B3DC48152E2C3D3B00BCCA03 /* UserProvisioningService.swift */,
				B3DC48172E2C3F0D00BCCA03 /* TicketModel.swift */,
				B3DC48192E2C3F0F00BCCA03 /* TicketRepository.swift */,
				B3DC481B2E2C3F1400BCCA03 /* TicketViewModel.swift */,
				B3DC481D2E2C3F1A00BCCA03 /* TicketListView.swift */,
				B3DC481F2E2C3F5000BCCA03 /* ClientModel.swift */,
				B3DC48212E2C3F5200BCCA03 /* ClientRepository.swift */,
				B3DC48232E2C3F5600BCCA03 /* ClientViewModel.swift */,
				B3DC48252E2C3F5D00BCCA03 /* ClientListView.swift */,
				B3DC48272E2C3F6400BCCA03 /* KPIModel.swift */,
				B3DC48292E2C3F6B00BCCA03 /* KPIRepository.swift */,
				B3DC482B2E2C3F7000BCCA03 /* KPIViewModel.swift */,
				B3DC482D2E2C3F7D00BCCA03 /* KPIListView.swift */,
				B3DC482F2E2C405A00BCCA03 /* ClientListView 2.swift */,
				B3DC48312E2C407C00BCCA03 /* KPIListView 2.swift */,
				B3DC48332E2C40B900BCCA03 /* TaskListView 3.swift */,
				B3DC48352E2C40BC00BCCA03 /* TicketListView 2.swift */,
				B3DC48372E2C40C100BCCA03 /* RepositoryFetchTests.swift */,
				B3DC48392E2C40FC00BCCA03 /* TaskListView 4.swift */,
				B3DC483B2E2C411A00BCCA03 /* RepositoryFetchTests 2.swift */,
				B3DC483D2E2C411C00BCCA03 /* TicketListView 3.swift */,
				B3DC483F2E2C41E000BCCA03 /* TaskListView 5.swift */,
				B3DC48412E2C420100BCCA03 /* TicketListView 4.swift */,
				B3DC48432E2C422A00BCCA03 /* ClientListView 3.swift */,
				B3DC48452E2C423000BCCA03 /* KPIListView 3.swift */,
				B3DC48472E2C429600BCCA03 /* TaskListView 6.swift */,
				B3DC48492E2C429800BCCA03 /* TicketListView 5.swift */,
				B3DC484B2E2C435200BCCA03 /* NotificationService.swift */,
				B3DC484D2E2C439600BCCA03 /* OnboardingView.swift */,
				B3DC484F2E2C43BB00BCCA03 /* StoreReportModel.swift */,
				B3DC48512E2C43ED00BCCA03 /* StoreReportRepository.swift */,
				B3DC48532E2C43F100BCCA03 /* StoreReportViewModel.swift */,
				B3DC48552E2C43F800BCCA03 /* StoreReportListView.swift */,
			   B3DC48572E2C45AD00BCCA03 /* AnalyticsService.swift */, 
			   B3DC48592E2C45B800BCCA03 /* DashboardView.swift */, 
			   B3F4A1002E2C5FFF00BCCA03 /* Sources */,
			   B3F4A1004E2C5FFF00BCCA03 /* Services */, 
			   B3F4A2002E2C5FFF00BCCA03 /* Project Root */, 
		   );
			sourceTree = "<group>";
		};
		B3417E6B2E2B1CC90018A3C7 /* Products */ = {
			isa = PBXGroup;
			children = (
				B3417E6A2E2B1CC90018A3C7 /* DiamondDeskERP.app */,
				B3417E7E2E2B1CCC0018A3C7 /* DiamondDeskERPTests.xctest */,
				B3417E882E2B1CCC0018A3C7 /* DiamondDeskERPUITests.xctest */,
			);
			name = Products;
			sourceTree = "<group>";
		};
/* End PBXGroup section */

/* Begin PBXNativeTarget section */
		B3417E692E2B1CC90018A3C7 /* DiamondDeskERP */ = {
			isa = PBXNativeTarget;
			buildConfigurationList = B3417E912E2B1CCC0018A3C7 /* Build configuration list for PBXNativeTarget "DiamondDeskERP" */;
			buildPhases = (
				B3417E662E2B1CC90018A3C7 /* Sources */,
				B3417E672E2B1CC90018A3C7 /* Frameworks */,
				B3417E682E2B1CC90018A3C7 /* Resources */,
			);
			buildRules = (
			);
			fileSystemSynchronizedGroups = (
				B3417E6C2E2B1CC90018A3C7 /* DiamondDeskERP */,
			);
			name = DiamondDeskERP;
			packageProductDependencies = (
				B355CE602E2C7A26005D1145 /* AsyncAlgorithms */,
				B355CE672E2C7A8F005D1145 /* ArgumentParser */,
				B355CE692E2C7A8F005D1145 /* generate-docc-reference */,
				B355CE6B2E2C7A8F005D1145 /* generate-manual */,
			);
			productName = DiamondDeskERP;
			productReference = B3417E6A2E2B1CC90018A3C7 /* DiamondDeskERP.app */;
			productType = "com.apple.product-type.application";
		};
		B3417E7D2E2B1CCC0018A3C7 /* DiamondDeskERPTests */ = {
			isa = PBXNativeTarget;
			buildConfigurationList = B3417E962E2B1CCC0018A3C7 /* Build configuration list for PBXNativeTarget "DiamondDeskERPTests" */;
			buildPhases = (
				B3417E7A2E2B1CCC0018A3C7 /* Sources */,
				B3417E7B2E2B1CCC0018A3C7 /* Frameworks */,
				B3417E7C2E2B1CCC0018A3C7 /* Resources */,
			);
			buildRules = (
			);
			dependencies = (
				B3417E802E2B1CCC0018A3C7 /* PBXTargetDependency */,
			);
			fileSystemSynchronizedGroups = (
				B3417E812E2B1CCC0018A3C7 /* DiamondDeskERPTests */,
			);
			name = DiamondDeskERPTests;
			packageProductDependencies = (
				B355CE622E2C7A3D005D1145 /* AsyncAlgorithms */,
				B355CE6D2E2C7AA5005D1145 /* ArgumentParser */,
				B355CE6F2E2C7AA5005D1145 /* generate-docc-reference */,
				B355CE712E2C7AA5005D1145 /* generate-manual */,
			);
			productName = DiamondDeskERPTests;
			productReference = B3417E7E2E2B1CCC0018A3C7 /* DiamondDeskERPTests.xctest */;
			productType = "com.apple.product-type.bundle.unit-test";
		};
		B3417E872E2B1CCC0018A3C7 /* DiamondDeskERPUITests */ = {
			isa = PBXNativeTarget;
			buildConfigurationList = B3417E992E2B1CCC0018A3C7 /* Build configuration list for PBXNativeTarget "DiamondDeskERPUITests" */;
			buildPhases = (
				B3417E842E2B1CCC0018A3C7 /* Sources */,
				B3417E852E2B1CCC0018A3C7 /* Frameworks */,
				B3417E862E2B1CCC0018A3C7 /* Resources */,
			);
			buildRules = (
			);
			dependencies = (
				B3417E8A2E2B1CCC0018A3C7 /* PBXTargetDependency */,
			);
			fileSystemSynchronizedGroups = (
				B3417E8B2E2B1CCC0018A3C7 /* DiamondDeskERPUITests */,
			);
			name = DiamondDeskERPUITests;
			packageProductDependencies = (
				B355CE642E2C7A49005D1145 /* AsyncAlgorithms */,
				B355CE732E2C7AC9005D1145 /* ArgumentParser */,
				B355CE752E2C7AC9005D1145 /* generate-docc-reference */,
				B355CE772E2C7AC9005D1145 /* generate-manual */,
			);
			productName = DiamondDeskERPUITests;
			productReference = B3417E882E2B1CCC0018A3C7 /* DiamondDeskERPUITests.xctest */;
			productType = "com.apple.product-type.bundle.ui-testing";
		};
/* End PBXNativeTarget section */

/* Begin PBXProject section */
		B3417E622E2B1CC90018A3C7 /* Project object */ = {
			isa = PBXProject;
			attributes = {
				BuildIndependentTargetsInParallel = 1;
				LastSwiftUpdateCheck = 2600;
				LastUpgradeCheck = 2600;
				TargetAttributes = {
					B3417E692E2B1CC90018A3C7 = {
						CreatedOnToolsVersion = 26.0;
					};
					B3417E7D2E2B1CCC0018A3C7 = {
						CreatedOnToolsVersion = 26.0;
						TestTargetID = B3417E692E2B1CC90018A3C7;
					};
					B3417E872E2B1CCC0018A3C7 = {
						CreatedOnToolsVersion = 26.0;
						TestTargetID = B3417E692E2B1CC90018A3C7;
					};
				};
			};
			buildConfigurationList = B3417E652E2B1CC90018A3C7 /* Build configuration list for PBXProject "DiamondDeskERP" */;
			developmentRegion = en;
			hasScannedForEncodings = 0;
			knownRegions = (
				en,
				Base,
			);
			mainGroup = B3417E612E2B1CC90018A3C7;
			minimizedProjectReferenceProxies = 1;
			packageReferences = (
				B355CE5F2E2C7A26005D1145 /* XCRemoteSwiftPackageReference "swift-async-algorithms" */,
				B355CE662E2C7A8F005D1145 /* XCRemoteSwiftPackageReference "swift-argument-parser" */,
			);
			preferredProjectObjectVersion = 90;
			productRefGroup = B3417E6B2E2B1CC90018A3C7 /* Products */;
			projectDirPath = "";
			projectRoot = "";
			targets = (
				B3417E692E2B1CC90018A3C7 /* DiamondDeskERP */,
				B3417E7D2E2B1CCC0018A3C7 /* DiamondDeskERPTests */,
				B3417E872E2B1CCC0018A3C7 /* DiamondDeskERPUITests */,
			);
		};
/* End PBXProject section */

/* Begin PBXResourcesBuildPhase section */
	   B3417E682E2B1CC90018A3C7 /* Resources */ = {
		   isa = PBXResourcesBuildPhase;
		   children = ();
		   files = ();
	   };
/* End PBXResourcesBuildPhase section */

/* Begin PBXSourcesBuildPhase section */
		B3417E662E2B1CC90018A3C7 /* Sources */ = {
			isa = PBXSourcesBuildPhase;
			files = (
				B3DC48022E2C393E00BCCA03 /* DiamondDeskAIPlugin.swift in Sources */,
				B3DC48042E2C3A2900BCCA03 /* DiamondDeskAIAssistant.swift in Sources */,
				B3DC47FC2E2C320600BCCA03 /* AppProjectBuildoutPlanPT3VS1.md in Sources */,
				B3DC48202E2C3F5000BCCA03 /* ClientModel.swift in Sources */,
				B3DC47F82E2C309800BCCA03 /* AppProjectBuildoutPlanVS2.md in Sources */,
				B3DC48322E2C407C00BCCA03 /* KPIListView 2.swift in Sources */,
				B3DC48182E2C3F0D00BCCA03 /* TicketModel.swift in Sources */,
				B3DC480C2E2C3CFA00BCCA03 /* TaskModel.swift in Sources */,
				B3DC483C2E2C411A00BCCA03 /* RepositoryFetchTests 2.swift in Sources */,
				B3DC48502E2C43BB00BCCA03 /* StoreReportModel.swift in Sources */,
				B3DC485A2E2C45B800BCCA03 /* DashboardView.swift in Sources */,
				B3DC483A2E2C40FC00BCCA03 /* TaskListView 4.swift in Sources */,
				B3DC48582E2C45AD00BCCA03 /* AnalyticsService.swift in Sources */,
				B3DC48422E2C420100BCCA03 /* TicketListView 4.swift in Sources */,
				B3DC48162E2C3D3B00BCCA03 /* UserProvisioningService.swift in Sources */,
				B3DC481C2E2C3F1400BCCA03 /* TicketViewModel.swift in Sources */,
				B3DC482E2E2C3F7D00BCCA03 /* KPIListView.swift in Sources */,
				B3DC48382E2C40C100BCCA03 /* RepositoryFetchTests.swift in Sources */,
				B3DC480E2E2C3CFB00BCCA03 /* TaskRepository.swift in Sources */,
				B3DC481E2E2C3F1A00BCCA03 /* TicketListView.swift in Sources */,
				B3DC48442E2C422A00BCCA03 /* ClientListView 3.swift in Sources */,
				B3DC48562E2C43F800BCCA03 /* StoreReportListView.swift in Sources */,
				B3DC481A2E2C3F0F00BCCA03 /* TicketRepository.swift in Sources */,
				B3DC48402E2C41E000BCCA03 /* TaskListView 5.swift in Sources */,
				B3DC482C2E2C3F7000BCCA03 /* KPIViewModel.swift in Sources */,
				B3DC484A2E2C429800BCCA03 /* TicketListView 5.swift in Sources */,
				B3DC482A2E2C3F6B00BCCA03 /* KPIRepository.swift in Sources */,
				B3DC48122E2C3D0600BCCA03 /* TaskListView.swift in Sources */,
				B3DC483E2E2C411C00BCCA03 /* TicketListView 3.swift in Sources */,
				B3DC48542E2C43F100BCCA03 /* StoreReportViewModel.swift in Sources */,
				B3DC48242E2C3F5600BCCA03 /* ClientViewModel.swift in Sources */,
				B3DC48062E2C3C1800BCCA03 /* Seeder.swift in Sources */,
				B3DC48362E2C40BC00BCCA03 /* TicketListView 2.swift in Sources */,
				B3DC48102E2C3CFF00BCCA03 /* TaskViewModel.swift in Sources */,
				B3DC48522E2C43ED00BCCA03 /* StoreReportRepository.swift in Sources */,
				B3DC48302E2C405A00BCCA03 /* ClientListView 2.swift in Sources */,
				B3DC48282E2C3F6400BCCA03 /* KPIModel.swift in Sources */,
				B3DC484E2E2C439600BCCA03 /* OnboardingView.swift in Sources */,
				B3DC48342E2C40B900BCCA03 /* TaskListView 3.swift in Sources */,
				B3DC48142E2C3D3A00BCCA03 /* TaskListView 2.swift in Sources */,
				B3DC48462E2C423000BCCA03 /* KPIListView 3.swift in Sources */,
				B3DC48262E2C3F5D00BCCA03 /* ClientListView.swift in Sources */,
				B3DC484C2E2C435200BCCA03 /* NotificationService.swift in Sources */,
				B3DC48222E2C3F5200BCCA03 /* ClientRepository.swift in Sources */,
				B3DC48482E2C429600BCCA03 /* TaskListView 6.swift in Sources */,
			);
		};
		B3417E7A2E2B1CCC0018A3C7 /* Sources */ = {
			isa = PBXSourcesBuildPhase;
			files = (
			);
		};
		B3417E842E2B1CCC0018A3C7 /* Sources */ = {
			isa = PBXSourcesBuildPhase;
			files = (
			);
		};
/* End PBXSourcesBuildPhase section */

/* Begin PBXTargetDependency section */
		B3417E802E2B1CCC0018A3C7 /* PBXTargetDependency */ = {
			isa = PBXTargetDependency;
			target = B3417E692E2B1CC90018A3C7 /* DiamondDeskERP */;
			targetProxy = B3417E7F2E2B1CCC0018A3C7 /* PBXContainerItemProxy */;
		};
		B3417E8A2E2B1CCC0018A3C7 /* PBXTargetDependency */ = {
			isa = PBXTargetDependency;
			target = B3417E692E2B1CC90018A3C7 /* DiamondDeskERP */;
			targetProxy = B3417E892E2B1CCC0018A3C7 /* PBXContainerItemProxy */;
		};
/* End PBXTargetDependency section */

/* Begin XCBuildConfiguration section */
		B3417E922E2B1CCC0018A3C7 /* Debug configuration for PBXNativeTarget "DiamondDeskERP" */ = {
			isa = XCBuildConfiguration;
			buildSettings = {
				ASSETCATALOG_COMPILER_APPICON_NAME = AppIcon;
				ASSETCATALOG_COMPILER_GLOBAL_ACCENT_COLOR_NAME = AccentColor;
				CODE_SIGN_ENTITLEMENTS = DiamondDeskERP/DiamondDeskERP.entitlements;
				CODE_SIGN_STYLE = Automatic;
				CURRENT_PROJECT_VERSION = 1;
				DEAD_CODE_STRIPPING = YES;
				DEVELOPMENT_TEAM = D3NKYL58CD;
				ENABLE_APP_SANDBOX = YES;
				ENABLE_FILE_ACCESS_DOWNLOADS_FOLDER = readwrite;
				ENABLE_FILE_ACCESS_MOVIES_FOLDER = readwrite;
				ENABLE_FILE_ACCESS_MUSIC_FOLDER = readwrite;
				ENABLE_FILE_ACCESS_PICTURE_FOLDER = readwrite;
				ENABLE_HARDENED_RUNTIME = YES;
				ENABLE_INCOMING_NETWORK_CONNECTIONS = YES;
				ENABLE_OUTGOING_NETWORK_CONNECTIONS = YES;
				ENABLE_PREVIEWS = YES;
				ENABLE_RESOURCE_ACCESS_AUDIO_INPUT = NO;
				ENABLE_RESOURCE_ACCESS_BLUETOOTH = YES;
				ENABLE_RESOURCE_ACCESS_CALENDARS = YES;
				ENABLE_RESOURCE_ACCESS_CAMERA = YES;
				ENABLE_RESOURCE_ACCESS_CONTACTS = YES;
				ENABLE_RESOURCE_ACCESS_LOCATION = YES;
				ENABLE_RESOURCE_ACCESS_PRINTING = YES;
				ENABLE_RESOURCE_ACCESS_USB = NO;
				ENABLE_USER_SELECTED_FILES = readonly;
				GENERATE_INFOPLIST_FILE = YES;
				INFOPLIST_FILE = DiamondDeskERP/Info.plist;
				INFOPLIST_KEY_CFBundleDisplayName = "Diamond Desk";
				"INFOPLIST_KEY_UIApplicationSceneManifest_Generation[sdk=iphoneos*]" = YES;
				"INFOPLIST_KEY_UIApplicationSceneManifest_Generation[sdk=iphonesimulator*]" = YES;
				"INFOPLIST_KEY_UIApplicationSupportsIndirectInputEvents[sdk=iphoneos*]" = YES;
				"INFOPLIST_KEY_UIApplicationSupportsIndirectInputEvents[sdk=iphonesimulator*]" = YES;
				"INFOPLIST_KEY_UILaunchScreen_Generation[sdk=iphoneos*]" = YES;
				"INFOPLIST_KEY_UILaunchScreen_Generation[sdk=iphonesimulator*]" = YES;
				"INFOPLIST_KEY_UIStatusBarStyle[sdk=iphoneos*]" = UIStatusBarStyleDefault;
				"INFOPLIST_KEY_UIStatusBarStyle[sdk=iphonesimulator*]" = UIStatusBarStyleDefault;
				INFOPLIST_KEY_UISupportedInterfaceOrientations_iPad = "UIInterfaceOrientationPortrait UIInterfaceOrientationPortraitUpsideDown UIInterfaceOrientationLandscapeLeft UIInterfaceOrientationLandscapeRight";
				INFOPLIST_KEY_UISupportedInterfaceOrientations_iPhone = "UIInterfaceOrientationPortrait UIInterfaceOrientationLandscapeLeft UIInterfaceOrientationLandscapeRight";
				IPHONEOS_DEPLOYMENT_TARGET = 26.0;
				LD_RUNPATH_SEARCH_PATHS = "@executable_path/Frameworks";
				"LD_RUNPATH_SEARCH_PATHS[sdk=macosx*]" = "@executable_path/../Frameworks";
				MACOSX_DEPLOYMENT_TARGET = 26.0;
				MARKETING_VERSION = 1.0;
				PRODUCT_BUNDLE_IDENTIFIER = com.HannoushJewelers.DiamondDeskERP;
				PRODUCT_NAME = "$(TARGET_NAME)";
				REGISTER_APP_GROUPS = YES;
				SDKROOT = auto;
				STRING_CATALOG_GENERATE_SYMBOLS = YES;
				SUPPORTED_PLATFORMS = "iphoneos iphonesimulator macosx";
				SUPPORTS_MACCATALYST = NO;
				SWIFT_APPROACHABLE_CONCURRENCY = YES;
				SWIFT_DEFAULT_ACTOR_ISOLATION = MainActor;
				SWIFT_EMIT_LOC_STRINGS = YES;
				SWIFT_UPCOMING_FEATURE_MEMBER_IMPORT_VISIBILITY = YES;
				SWIFT_VERSION = 5.0;
				TARGETED_DEVICE_FAMILY = "1,2";
				XROS_DEPLOYMENT_TARGET = 26.0;
			};
			name = Debug;
		};
		B3417E932E2B1CCC0018A3C7 /* Release configuration for PBXNativeTarget "DiamondDeskERP" */ = {
			isa = XCBuildConfiguration;
			buildSettings = {
				ASSETCATALOG_COMPILER_APPICON_NAME = AppIcon;
				ASSETCATALOG_COMPILER_GLOBAL_ACCENT_COLOR_NAME = AccentColor;
				CODE_SIGN_ENTITLEMENTS = DiamondDeskERP/DiamondDeskERP.entitlements;
				CODE_SIGN_STYLE = Automatic;
				CURRENT_PROJECT_VERSION = 1;
				DEAD_CODE_STRIPPING = YES;
				DEVELOPMENT_TEAM = D3NKYL58CD;
				ENABLE_APP_SANDBOX = YES;
				ENABLE_FILE_ACCESS_DOWNLOADS_FOLDER = readwrite;
				ENABLE_FILE_ACCESS_MOVIES_FOLDER = readwrite;
				ENABLE_FILE_ACCESS_MUSIC_FOLDER = readwrite;
				ENABLE_FILE_ACCESS_PICTURE_FOLDER = readwrite;
				ENABLE_HARDENED_RUNTIME = YES;
				ENABLE_INCOMING_NETWORK_CONNECTIONS = YES;
				ENABLE_OUTGOING_NETWORK_CONNECTIONS = YES;
				ENABLE_PREVIEWS = YES;
				ENABLE_RESOURCE_ACCESS_AUDIO_INPUT = NO;
				ENABLE_RESOURCE_ACCESS_BLUETOOTH = YES;
				ENABLE_RESOURCE_ACCESS_CALENDARS = YES;
				ENABLE_RESOURCE_ACCESS_CAMERA = YES;
				ENABLE_RESOURCE_ACCESS_CONTACTS = YES;
				ENABLE_RESOURCE_ACCESS_LOCATION = YES;
				ENABLE_RESOURCE_ACCESS_PRINTING = YES;
				ENABLE_RESOURCE_ACCESS_USB = NO;
				ENABLE_USER_SELECTED_FILES = readonly;
				GENERATE_INFOPLIST_FILE = YES;
				INFOPLIST_FILE = DiamondDeskERP/Info.plist;
				INFOPLIST_KEY_CFBundleDisplayName = "Diamond Desk";
				"INFOPLIST_KEY_UIApplicationSceneManifest_Generation[sdk=iphoneos*]" = YES;
				"INFOPLIST_KEY_UIApplicationSceneManifest_Generation[sdk=iphonesimulator*]" = YES;
				"INFOPLIST_KEY_UIApplicationSupportsIndirectInputEvents[sdk=iphoneos*]" = YES;
				"INFOPLIST_KEY_UIApplicationSupportsIndirectInputEvents[sdk=iphonesimulator*]" = YES;
				"INFOPLIST_KEY_UILaunchScreen_Generation[sdk=iphoneos*]" = YES;
				"INFOPLIST_KEY_UILaunchScreen_Generation[sdk=iphonesimulator*]" = YES;
				"INFOPLIST_KEY_UIStatusBarStyle[sdk=iphoneos*]" = UIStatusBarStyleDefault;
				"INFOPLIST_KEY_UIStatusBarStyle[sdk=iphonesimulator*]" = UIStatusBarStyleDefault;
				INFOPLIST_KEY_UISupportedInterfaceOrientations_iPad = "UIInterfaceOrientationPortrait UIInterfaceOrientationPortraitUpsideDown UIInterfaceOrientationLandscapeLeft UIInterfaceOrientationLandscapeRight";
				INFOPLIST_KEY_UISupportedInterfaceOrientations_iPhone = "UIInterfaceOrientationPortrait UIInterfaceOrientationLandscapeLeft UIInterfaceOrientationLandscapeRight";
				IPHONEOS_DEPLOYMENT_TARGET = 26.0;
				LD_RUNPATH_SEARCH_PATHS = "@executable_path/Frameworks";
				"LD_RUNPATH_SEARCH_PATHS[sdk=macosx*]" = "@executable_path/../Frameworks";
				MACOSX_DEPLOYMENT_TARGET = 26.0;
				MARKETING_VERSION = 1.0;
				PRODUCT_BUNDLE_IDENTIFIER = com.HannoushJewelers.DiamondDeskERP;
				PRODUCT_NAME = "$(TARGET_NAME)";
				REGISTER_APP_GROUPS = YES;
				SDKROOT = auto;
				STRING_CATALOG_GENERATE_SYMBOLS = YES;
				SUPPORTED_PLATFORMS = "iphoneos iphonesimulator macosx";
				SUPPORTS_MACCATALYST = NO;
				SWIFT_APPROACHABLE_CONCURRENCY = YES;
				SWIFT_DEFAULT_ACTOR_ISOLATION = MainActor;
				SWIFT_EMIT_LOC_STRINGS = YES;
				SWIFT_UPCOMING_FEATURE_MEMBER_IMPORT_VISIBILITY = YES;
				SWIFT_VERSION = 5.0;
				TARGETED_DEVICE_FAMILY = "1,2";
				XROS_DEPLOYMENT_TARGET = 26.0;
			};
			name = Release;
		};
		B3417E942E2B1CCC0018A3C7 /* Debug configuration for PBXProject "DiamondDeskERP" */ = {
			isa = XCBuildConfiguration;
			buildSettings = {
				ALWAYS_SEARCH_USER_PATHS = NO;
				ASSETCATALOG_COMPILER_GENERATE_SWIFT_ASSET_SYMBOL_EXTENSIONS = YES;
				CLANG_ANALYZER_NONNULL = YES;
				CLANG_ANALYZER_NUMBER_OBJECT_CONVERSION = YES_AGGRESSIVE;
				CLANG_CXX_LANGUAGE_STANDARD = "gnu++20";
				CLANG_ENABLE_MODULES = YES;
				CLANG_ENABLE_OBJC_ARC = YES;
				CLANG_ENABLE_OBJC_WEAK = YES;
				CLANG_WARN_BLOCK_CAPTURE_AUTORELEASING = YES;
				CLANG_WARN_BOOL_CONVERSION = YES;
				CLANG_WARN_COMMA = YES;
				CLANG_WARN_CONSTANT_CONVERSION = YES;
				CLANG_WARN_DEPRECATED_OBJC_IMPLEMENTATIONS = YES;
				CLANG_WARN_DIRECT_OBJC_ISA_USAGE = YES_ERROR;
				CLANG_WARN_DOCUMENTATION_COMMENTS = YES;
				CLANG_WARN_EMPTY_BODY = YES;
				CLANG_WARN_ENUM_CONVERSION = YES;
				CLANG_WARN_INFINITE_RECURSION = YES;
				CLANG_WARN_INT_CONVERSION = YES;
				CLANG_WARN_NON_LITERAL_NULL_CONVERSION = YES;
				CLANG_WARN_OBJC_IMPLICIT_RETAIN_SELF = YES;
				CLANG_WARN_OBJC_LITERAL_CONVERSION = YES;
				CLANG_WARN_OBJC_ROOT_CLASS = YES_ERROR;
				CLANG_WARN_QUOTED_INCLUDE_IN_FRAMEWORK_HEADER = YES;
				CLANG_WARN_RANGE_LOOP_ANALYSIS = YES;
				CLANG_WARN_STRICT_PROTOTYPES = YES;
				CLANG_WARN_SUSPICIOUS_MOVE = YES;
				CLANG_WARN_UNGUARDED_AVAILABILITY = YES_AGGRESSIVE;
				CLANG_WARN_UNREACHABLE_CODE = YES;
				CLANG_WARN__DUPLICATE_METHOD_MATCH = YES;
				COPY_PHASE_STRIP = NO;
				DEAD_CODE_STRIPPING = YES;
				DEBUG_INFORMATION_FORMAT = dwarf;
				DEVELOPMENT_TEAM = D3NKYL58CD;
				ENABLE_STRICT_OBJC_MSGSEND = YES;
				ENABLE_TESTABILITY = YES;
				ENABLE_USER_SCRIPT_SANDBOXING = YES;
				GCC_C_LANGUAGE_STANDARD = gnu17;
				GCC_DYNAMIC_NO_PIC = NO;
				GCC_NO_COMMON_BLOCKS = YES;
				GCC_OPTIMIZATION_LEVEL = 0;
				GCC_PREPROCESSOR_DEFINITIONS = (
					"DEBUG=1",
					"$(inherited)",
				);
				GCC_WARN_64_TO_32_BIT_CONVERSION = YES;
				GCC_WARN_ABOUT_RETURN_TYPE = YES_ERROR;
				GCC_WARN_UNDECLARED_SELECTOR = YES;
				GCC_WARN_UNINITIALIZED_AUTOS = YES_AGGRESSIVE;
				GCC_WARN_UNUSED_FUNCTION = YES;
				GCC_WARN_UNUSED_VARIABLE = YES;
				LOCALIZATION_PREFERS_STRING_CATALOGS = YES;
				MTL_ENABLE_DEBUG_INFO = INCLUDE_SOURCE;
				MTL_FAST_MATH = YES;
				ONLY_ACTIVE_ARCH = YES;
				STRING_CATALOG_GENERATE_SYMBOLS = YES;
				SWIFT_ACTIVE_COMPILATION_CONDITIONS = "DEBUG $(inherited)";
				SWIFT_OPTIMIZATION_LEVEL = "-Onone";
			};
			name = Debug;
		};
		B3417E952E2B1CCC0018A3C7 /* Release configuration for PBXProject "DiamondDeskERP" */ = {
			isa = XCBuildConfiguration;
			buildSettings = {
				ALWAYS_SEARCH_USER_PATHS = NO;
				ASSETCATALOG_COMPILER_GENERATE_SWIFT_ASSET_SYMBOL_EXTENSIONS = YES;
				CLANG_ANALYZER_NONNULL = YES;
				CLANG_ANALYZER_NUMBER_OBJECT_CONVERSION = YES_AGGRESSIVE;
				CLANG_CXX_LANGUAGE_STANDARD = "gnu++20";
				CLANG_ENABLE_MODULES = YES;
				CLANG_ENABLE_OBJC_ARC = YES;
				CLANG_ENABLE_OBJC_WEAK = YES;
				CLANG_WARN_BLOCK_CAPTURE_AUTORELEASING = YES;
				CLANG_WARN_BOOL_CONVERSION = YES;
				CLANG_WARN_COMMA = YES;
				CLANG_WARN_CONSTANT_CONVERSION = YES;
				CLANG_WARN_DEPRECATED_OBJC_IMPLEMENTATIONS = YES;
				CLANG_WARN_DIRECT_OBJC_ISA_USAGE = YES_ERROR;
				CLANG_WARN_DOCUMENTATION_COMMENTS = YES;
				CLANG_WARN_EMPTY_BODY = YES;
				CLANG_WARN_ENUM_CONVERSION = YES;
				CLANG_WARN_INFINITE_RECURSION = YES;
				CLANG_WARN_INT_CONVERSION = YES;
				CLANG_WARN_NON_LITERAL_NULL_CONVERSION = YES;
				CLANG_WARN_OBJC_IMPLICIT_RETAIN_SELF = YES;
				CLANG_WARN_OBJC_LITERAL_CONVERSION = YES;
				CLANG_WARN_OBJC_ROOT_CLASS = YES_ERROR;
				CLANG_WARN_QUOTED_INCLUDE_IN_FRAMEWORK_HEADER = YES;
				CLANG_WARN_RANGE_LOOP_ANALYSIS = YES;
				CLANG_WARN_STRICT_PROTOTYPES = YES;
				CLANG_WARN_SUSPICIOUS_MOVE = YES;
				CLANG_WARN_UNGUARDED_AVAILABILITY = YES_AGGRESSIVE;
				CLANG_WARN_UNREACHABLE_CODE = YES;
				CLANG_WARN__DUPLICATE_METHOD_MATCH = YES;
				COPY_PHASE_STRIP = NO;
				DEAD_CODE_STRIPPING = YES;
				DEBUG_INFORMATION_FORMAT = "dwarf-with-dsym";
				DEVELOPMENT_TEAM = D3NKYL58CD;
				ENABLE_NS_ASSERTIONS = NO;
				ENABLE_STRICT_OBJC_MSGSEND = YES;
				ENABLE_USER_SCRIPT_SANDBOXING = YES;
				GCC_C_LANGUAGE_STANDARD = gnu17;
				GCC_NO_COMMON_BLOCKS = YES;
				GCC_WARN_64_TO_32_BIT_CONVERSION = YES;
				GCC_WARN_ABOUT_RETURN_TYPE = YES_ERROR;
				GCC_WARN_UNDECLARED_SELECTOR = YES;
				GCC_WARN_UNINITIALIZED_AUTOS = YES_AGGRESSIVE;
				GCC_WARN_UNUSED_FUNCTION = YES;
				GCC_WARN_UNUSED_VARIABLE = YES;
				LOCALIZATION_PREFERS_STRING_CATALOGS = YES;
				MTL_ENABLE_DEBUG_INFO = NO;
				MTL_FAST_MATH = YES;
				STRING_CATALOG_GENERATE_SYMBOLS = YES;
				SWIFT_COMPILATION_MODE = wholemodule;
			};
			name = Release;
		};
		B3417E972E2B1CCC0018A3C7 /* Debug configuration for PBXNativeTarget "DiamondDeskERPTests" */ = {
			isa = XCBuildConfiguration;
			buildSettings = {
				BUNDLE_LOADER = "$(TEST_HOST)";
				CODE_SIGN_STYLE = Automatic;
				CURRENT_PROJECT_VERSION = 1;
				DEAD_CODE_STRIPPING = YES;
				DEVELOPMENT_TEAM = D3NKYL58CD;
				GENERATE_INFOPLIST_FILE = YES;
				IPHONEOS_DEPLOYMENT_TARGET = 26.0;
				MACOSX_DEPLOYMENT_TARGET = 26.0;
				MARKETING_VERSION = 1.0;
				PRODUCT_BUNDLE_IDENTIFIER = com.HannoushJewelers.DiamondDeskERPTests;
				PRODUCT_NAME = "$(TARGET_NAME)";
				SDKROOT = auto;
				STRING_CATALOG_GENERATE_SYMBOLS = NO;
				SUPPORTED_PLATFORMS = "iphoneos iphonesimulator macosx xros xrsimulator";
				SWIFT_APPROACHABLE_CONCURRENCY = YES;
				SWIFT_EMIT_LOC_STRINGS = NO;
				SWIFT_UPCOMING_FEATURE_MEMBER_IMPORT_VISIBILITY = YES;
				SWIFT_VERSION = 5.0;
				TARGETED_DEVICE_FAMILY = "1,2,7";
				TEST_HOST = "$(BUILT_PRODUCTS_DIR)/DiamondDeskERP.app/$(BUNDLE_EXECUTABLE_FOLDER_PATH)/DiamondDeskERP";
				XROS_DEPLOYMENT_TARGET = 26.0;
			};
			name = Debug;
		};
		B3417E982E2B1CCC0018A3C7 /* Release configuration for PBXNativeTarget "DiamondDeskERPTests" */ = {
			isa = XCBuildConfiguration;
			buildSettings = {
				BUNDLE_LOADER = "$(TEST_HOST)";
				CODE_SIGN_STYLE = Automatic;
				CURRENT_PROJECT_VERSION = 1;
				DEAD_CODE_STRIPPING = YES;
				DEVELOPMENT_TEAM = D3NKYL58CD;
				GENERATE_INFOPLIST_FILE = YES;
				IPHONEOS_DEPLOYMENT_TARGET = 26.0;
				MACOSX_DEPLOYMENT_TARGET = 26.0;
				MARKETING_VERSION = 1.0;
				PRODUCT_BUNDLE_IDENTIFIER = com.HannoushJewelers.DiamondDeskERPTests;
				PRODUCT_NAME = "$(TARGET_NAME)";
				SDKROOT = auto;
				STRING_CATALOG_GENERATE_SYMBOLS = NO;
				SUPPORTED_PLATFORMS = "iphoneos iphonesimulator macosx xros xrsimulator";
				SWIFT_APPROACHABLE_CONCURRENCY = YES;
				SWIFT_EMIT_LOC_STRINGS = NO;
				SWIFT_UPCOMING_FEATURE_MEMBER_IMPORT_VISIBILITY = YES;
				SWIFT_VERSION = 5.0;
				TARGETED_DEVICE_FAMILY = "1,2,7";
				TEST_HOST = "$(BUILT_PRODUCTS_DIR)/DiamondDeskERP.app/$(BUNDLE_EXECUTABLE_FOLDER_PATH)/DiamondDeskERP";
				XROS_DEPLOYMENT_TARGET = 26.0;
			};
			name = Release;
		};
		B3417E9A2E2B1CCC0018A3C7 /* Debug configuration for PBXNativeTarget "DiamondDeskERPUITests" */ = {
			isa = XCBuildConfiguration;
			buildSettings = {
				CODE_SIGN_STYLE = Automatic;
				CURRENT_PROJECT_VERSION = 1;
				DEAD_CODE_STRIPPING = YES;
				DEVELOPMENT_TEAM = D3NKYL58CD;
				GENERATE_INFOPLIST_FILE = YES;
				IPHONEOS_DEPLOYMENT_TARGET = 26.0;
				MACOSX_DEPLOYMENT_TARGET = 26.0;
				MARKETING_VERSION = 1.0;
				PRODUCT_BUNDLE_IDENTIFIER = com.HannoushJewelers.DiamondDeskERPUITests;
				PRODUCT_NAME = "$(TARGET_NAME)";
				SDKROOT = auto;
				STRING_CATALOG_GENERATE_SYMBOLS = NO;
				SUPPORTED_PLATFORMS = "iphoneos iphonesimulator macosx xros xrsimulator";
				SWIFT_APPROACHABLE_CONCURRENCY = YES;
				SWIFT_EMIT_LOC_STRINGS = NO;
				SWIFT_UPCOMING_FEATURE_MEMBER_IMPORT_VISIBILITY = YES;
				SWIFT_VERSION = 5.0;
				TARGETED_DEVICE_FAMILY = "1,2,7";
				TEST_TARGET_NAME = DiamondDeskERP;
				XROS_DEPLOYMENT_TARGET = 26.0;
			};
			name = Debug;
		};
		B3417E9B2E2B1CCC0018A3C7 /* Release configuration for PBXNativeTarget "DiamondDeskERPUITests" */ = {
			isa = XCBuildConfiguration;
			buildSettings = {
				CODE_SIGN_STYLE = Automatic;
				CURRENT_PROJECT_VERSION = 1;
				DEAD_CODE_STRIPPING = YES;
				DEVELOPMENT_TEAM = D3NKYL58CD;
				GENERATE_INFOPLIST_FILE = YES;
				IPHONEOS_DEPLOYMENT_TARGET = 26.0;
				MACOSX_DEPLOYMENT_TARGET = 26.0;
				MARKETING_VERSION = 1.0;
				PRODUCT_BUNDLE_IDENTIFIER = com.HannoushJewelers.DiamondDeskERPUITests;
				PRODUCT_NAME = "$(TARGET_NAME)";
				SDKROOT = auto;
				STRING_CATALOG_GENERATE_SYMBOLS = NO;
				SUPPORTED_PLATFORMS = "iphoneos iphonesimulator macosx xros xrsimulator";
				SWIFT_APPROACHABLE_CONCURRENCY = YES;
				SWIFT_EMIT_LOC_STRINGS = NO;
				SWIFT_UPCOMING_FEATURE_MEMBER_IMPORT_VISIBILITY = YES;
				SWIFT_VERSION = 5.0;
				TARGETED_DEVICE_FAMILY = "1,2,7";
				TEST_TARGET_NAME = DiamondDeskERP;
				XROS_DEPLOYMENT_TARGET = 26.0;
			};
			name = Release;
		};
/* End XCBuildConfiguration section */

/* Begin XCConfigurationList section */
		B3417E652E2B1CC90018A3C7 /* Build configuration list for PBXProject "DiamondDeskERP" */ = {
			isa = XCConfigurationList;
			buildConfigurations = (
				B3417E942E2B1CCC0018A3C7 /* Debug configuration for PBXProject "DiamondDeskERP" */,
				B3417E952E2B1CCC0018A3C7 /* Release configuration for PBXProject "DiamondDeskERP" */,
			);
			defaultConfigurationName = Release;
		};
		B3417E912E2B1CCC0018A3C7 /* Build configuration list for PBXNativeTarget "DiamondDeskERP" */ = {
			isa = XCConfigurationList;
			buildConfigurations = (
				B3417E922E2B1CCC0018A3C7 /* Debug configuration for PBXNativeTarget "DiamondDeskERP" */,
				B3417E932E2B1CCC0018A3C7 /* Release configuration for PBXNativeTarget "DiamondDeskERP" */,
			);
			defaultConfigurationName = Release;
		};
		B3417E962E2B1CCC0018A3C7 /* Build configuration list for PBXNativeTarget "DiamondDeskERPTests" */ = {
			isa = XCConfigurationList;
			buildConfigurations = (
				B3417E972E2B1CCC0018A3C7 /* Debug configuration for PBXNativeTarget "DiamondDeskERPTests" */,
				B3417E982E2B1CCC0018A3C7 /* Release configuration for PBXNativeTarget "DiamondDeskERPTests" */,
			);
			defaultConfigurationName = Release;
		};
		B3417E992E2B1CCC0018A3C7 /* Build configuration list for PBXNativeTarget "DiamondDeskERPUITests" */ = {
			isa = XCConfigurationList;
			buildConfigurations = (
				B3417E9A2E2B1CCC0018A3C7 /* Debug configuration for PBXNativeTarget "DiamondDeskERPUITests" */,
				B3417E9B2E2B1CCC0018A3C7 /* Release configuration for PBXNativeTarget "DiamondDeskERPUITests" */,
			);
			defaultConfigurationName = Release;
		};
/* End XCConfigurationList section */

/* Begin XCRemoteSwiftPackageReference section */
		B355CE5F2E2C7A26005D1145 /* XCRemoteSwiftPackageReference "swift-async-algorithms" */ = {
			isa = XCRemoteSwiftPackageReference;
			repositoryURL = "https://github.com/apple/swift-async-algorithms.git";
			requirement = {
				kind = upToNextMajorVersion;
				minimumVersion = 1.0.4;
			};
		};
		B355CE662E2C7A8F005D1145 /* XCRemoteSwiftPackageReference "swift-argument-parser" */ = {
			isa = XCRemoteSwiftPackageReference;
			repositoryURL = "https://github.com/apple/swift-argument-parser.git";
			requirement = {
				kind = upToNextMajorVersion;
				minimumVersion = 1.6.1;
			};
		};
/* End XCRemoteSwiftPackageReference section */

/* Begin XCSwiftPackageProductDependency section */
		B355CE602E2C7A26005D1145 /* AsyncAlgorithms */ = {
			isa = XCSwiftPackageProductDependency;
			package = B355CE5F2E2C7A26005D1145 /* XCRemoteSwiftPackageReference "swift-async-algorithms" */;
			productName = AsyncAlgorithms;
		};
		B355CE622E2C7A3D005D1145 /* AsyncAlgorithms */ = {
			isa = XCSwiftPackageProductDependency;
			package = B355CE5F2E2C7A26005D1145 /* XCRemoteSwiftPackageReference "swift-async-algorithms" */;
			productName = AsyncAlgorithms;
		};
		B355CE642E2C7A49005D1145 /* AsyncAlgorithms */ = {
			isa = XCSwiftPackageProductDependency;
			package = B355CE5F2E2C7A26005D1145 /* XCRemoteSwiftPackageReference "swift-async-algorithms" */;
			productName = AsyncAlgorithms;
		};
		B355CE672E2C7A8F005D1145 /* ArgumentParser */ = {
			isa = XCSwiftPackageProductDependency;
			package = B355CE662E2C7A8F005D1145 /* XCRemoteSwiftPackageReference "swift-argument-parser" */;
			productName = ArgumentParser;
		};
		B355CE692E2C7A8F005D1145 /* generate-docc-reference */ = {
			isa = XCSwiftPackageProductDependency;
			package = B355CE662E2C7A8F005D1145 /* XCRemoteSwiftPackageReference "swift-argument-parser" */;
			productName = "generate-docc-reference";
		};
		B355CE6B2E2C7A8F005D1145 /* generate-manual */ = {
			isa = XCSwiftPackageProductDependency;
			package = B355CE662E2C7A8F005D1145 /* XCRemoteSwiftPackageReference "swift-argument-parser" */;
			productName = "generate-manual";
		};
		B355CE6D2E2C7AA5005D1145 /* ArgumentParser */ = {
			isa = XCSwiftPackageProductDependency;
			package = B355CE662E2C7A8F005D1145 /* XCRemoteSwiftPackageReference "swift-argument-parser" */;
			productName = ArgumentParser;
		};
		B355CE6F2E2C7AA5005D1145 /* generate-docc-reference */ = {
			isa = XCSwiftPackageProductDependency;
			package = B355CE662E2C7A8F005D1145 /* XCRemoteSwiftPackageReference "swift-argument-parser" */;
			productName = "generate-docc-reference";
		};
		B355CE712E2C7AA5005D1145 /* generate-manual */ = {
			isa = XCSwiftPackageProductDependency;
			package = B355CE662E2C7A8F005D1145 /* XCRemoteSwiftPackageReference "swift-argument-parser" */;
			productName = "generate-manual";
		};
		B355CE732E2C7AC9005D1145 /* ArgumentParser */ = {
			isa = XCSwiftPackageProductDependency;
			package = B355CE662E2C7A8F005D1145 /* XCRemoteSwiftPackageReference "swift-argument-parser" */;
			productName = ArgumentParser;
		};
		B355CE752E2C7AC9005D1145 /* generate-docc-reference */ = {
			isa = XCSwiftPackageProductDependency;
			package = B355CE662E2C7A8F005D1145 /* XCRemoteSwiftPackageReference "swift-argument-parser" */;
			productName = "generate-docc-reference";
		};
		B355CE772E2C7AC9005D1145 /* generate-manual */ = {
			isa = XCSwiftPackageProductDependency;
			package = B355CE662E2C7A8F005D1145 /* XCRemoteSwiftPackageReference "swift-argument-parser" */;
			productName = "generate-manual";
		};
/* End XCSwiftPackageProductDependency section */
	};
	rootObject = B3417E622E2B1CC90018A3C7 /* Project object */;
}
